
Microsoft Visual Studio Solution File, Format Version 12.00
# Visual Studio 15
VisualStudioVersion = 15.0.26730.16
MinimumVisualStudioVersion = 10.0.40219.1
Project("{FAE04EC0-301F-11D3-BF4B-00C04F79EFBC}") = "JosephM.Xrm.WorkflowScheduler", "JosephM.Xrm.WorkflowScheduler\JosephM.Xrm.WorkflowScheduler.csproj", "{C1680534-FA12-4C76-A7A4-4F1843D7DCC2}"
EndProject
Project("{FAE04EC0-301F-11D3-BF4B-00C04F79EFBC}") = "JosephM.Xrm.WorkflowScheduler.Test", "JosephM.Xrm.WorkflowScheduler.Test\JosephM.Xrm.WorkflowScheduler.Test.csproj", "{D2DD2587-B577-487B-BF48-6B364D9958BD}"
EndProject
Project("{FAE04EC0-301F-11D3-BF4B-00C04F79EFBC}") = "JosephM.Xrm.WorkflowScheduler.WebResources", "JosephM.Xrm.WorkflowScheduler.WebResources\JosephM.Xrm.WorkflowScheduler.WebResources.csproj", "{FF7409D8-1099-4DBF-BA54-F54D6BFD87C3}"
EndProject
Project("{2150E333-8FDC-42A3-9474-1A3956D46DE8}") = "Read Me", "Read Me", "{E906366B-74E6-494C-B31E-A4B175C9387B}"
	ProjectSection(SolutionItems) = preProject
		Read Me\Solution Details.docx = Read Me\Solution Details.docx
	EndProjectSection
EndProject
Project("{2150E333-8FDC-42A3-9474-1A3956D46DE8}") = "Customisations", "Customisations", "{01B5E26A-C17E-47BC-BFB4-B8B793DDE963}"
	ProjectSection(SolutionItems) = preProject
		Customisations\Customisations.xlsx = Customisations\Customisations.xlsx
		Customisations\TestComponents_2_1_0_0.zip = Customisations\TestComponents_2_1_0_0.zip
	EndProjectSection
EndProject
Project("{2150E333-8FDC-42A3-9474-1A3956D46DE8}") = "Releases", "Releases", "{9E705EBF-60CB-48E3-AA77-BE5432708896}"
EndProject
Project("{2150E333-8FDC-42A3-9474-1A3956D46DE8}") = "2.0.0.0", "2.0.0.0", "{7F67E28D-95E6-4953-879D-0BF574635494}"
	ProjectSection(SolutionItems) = preProject
		Releases\2.0.0.0\JosephMcGregorWorkflowScheduler_2_0_0_0.zip = Releases\2.0.0.0\JosephMcGregorWorkflowScheduler_2_0_0_0.zip
		Releases\2.0.0.0\JosephMcGregorWorkflowScheduler_2_0_0_0_managed.zip = Releases\2.0.0.0\JosephMcGregorWorkflowScheduler_2_0_0_0_managed.zip
	EndProjectSection
EndProject
Project("{2150E333-8FDC-42A3-9474-1A3956D46DE8}") = "2.0.1.0", "2.0.1.0", "{4F3733B1-52E3-46E6-A693-2854F5C630BB}"
	ProjectSection(SolutionItems) = preProject
		Releases\2.0.1.0\JosephMcGregorWorkflowScheduler_2_0_1_0.zip = Releases\2.0.1.0\JosephMcGregorWorkflowScheduler_2_0_1_0.zip
		Releases\2.0.1.0\JosephMcGregorWorkflowScheduler_2_0_1_0_managed.zip = Releases\2.0.1.0\JosephMcGregorWorkflowScheduler_2_0_1_0_managed.zip
	EndProjectSection
EndProject
Project("{2150E333-8FDC-42A3-9474-1A3956D46DE8}") = "2.0.2.0", "2.0.2.0", "{D1D1B069-17C5-40A7-B8AC-7CF588DBF4EF}"
	ProjectSection(SolutionItems) = preProject
		Releases\2.0.2.0\JosephMcGregorWorkflowScheduler_2_0_2_0.zip = Releases\2.0.2.0\JosephMcGregorWorkflowScheduler_2_0_2_0.zip
	EndProjectSection
EndProject
Project("{2150E333-8FDC-42A3-9474-1A3956D46DE8}") = "2.1.0.0", "2.1.0.0", "{6FD8DD0B-C28D-4EDA-A443-6FBF2678626C}"
	ProjectSection(SolutionItems) = preProject
		Releases\2.1.0.0\JosephMcGregorWorkflowScheduler_2_1_0_0.zip = Releases\2.1.0.0\JosephMcGregorWorkflowScheduler_2_1_0_0.zip
		Releases\2.1.0.0\JosephMcGregorWorkflowScheduler_2_1_0_0_managed.zip = Releases\2.1.0.0\JosephMcGregorWorkflowScheduler_2_1_0_0_managed.zip
	EndProjectSection
EndProject
Project("{2150E333-8FDC-42A3-9474-1A3956D46DE8}") = "Xrm.Vsix", "Xrm.Vsix", "{1C81FF2D-5ECE-4636-AA00-85C573173C28}"
	ProjectSection(SolutionItems) = preProject
		Xrm.Vsix\joseph.mcgregor-macd.solution.xrmconnection = Xrm.Vsix\joseph.mcgregor-macd.solution.xrmconnection
		Xrm.Vsix\joseph.mcgregor-macd.xrmpackage.xrmsettings = Xrm.Vsix\joseph.mcgregor-macd.xrmpackage.xrmsettings
	EndProjectSection
EndProject
Global
	GlobalSection(SolutionConfigurationPlatforms) = preSolution
		Debug|Any CPU = Debug|Any CPU
		Release|Any CPU = Release|Any CPU
	EndGlobalSection
	GlobalSection(ProjectConfigurationPlatforms) = postSolution
		{C1680534-FA12-4C76-A7A4-4F1843D7DCC2}.Debug|Any CPU.ActiveCfg = Debug|Any CPU
		{C1680534-FA12-4C76-A7A4-4F1843D7DCC2}.Debug|Any CPU.Build.0 = Debug|Any CPU
		{C1680534-FA12-4C76-A7A4-4F1843D7DCC2}.Release|Any CPU.ActiveCfg = Release|Any CPU
		{C1680534-FA12-4C76-A7A4-4F1843D7DCC2}.Release|Any CPU.Build.0 = Release|Any CPU
		{D2DD2587-B577-487B-BF48-6B364D9958BD}.Debug|Any CPU.ActiveCfg = Debug|Any CPU
		{D2DD2587-B577-487B-BF48-6B364D9958BD}.Debug|Any CPU.Build.0 = Debug|Any CPU
		{D2DD2587-B577-487B-BF48-6B364D9958BD}.Release|Any CPU.ActiveCfg = Release|Any CPU
		{D2DD2587-B577-487B-BF48-6B364D9958BD}.Release|Any CPU.Build.0 = Release|Any CPU
		{FF7409D8-1099-4DBF-BA54-F54D6BFD87C3}.Debug|Any CPU.ActiveCfg = Debug|Any CPU
		{FF7409D8-1099-4DBF-BA54-F54D6BFD87C3}.Debug|Any CPU.Build.0 = Debug|Any CPU
		{FF7409D8-1099-4DBF-BA54-F54D6BFD87C3}.Release|Any CPU.ActiveCfg = Release|Any CPU
		{FF7409D8-1099-4DBF-BA54-F54D6BFD87C3}.Release|Any CPU.Build.0 = Release|Any CPU
	EndGlobalSection
	GlobalSection(SolutionProperties) = preSolution
		HideSolutionNode = FALSE
	EndGlobalSection
	GlobalSection(NestedProjects) = preSolution
		{7F67E28D-95E6-4953-879D-0BF574635494} = {9E705EBF-60CB-48E3-AA77-BE5432708896}
		{4F3733B1-52E3-46E6-A693-2854F5C630BB} = {9E705EBF-60CB-48E3-AA77-BE5432708896}
		{D1D1B069-17C5-40A7-B8AC-7CF588DBF4EF} = {9E705EBF-60CB-48E3-AA77-BE5432708896}
		{6FD8DD0B-C28D-4EDA-A443-6FBF2678626C} = {9E705EBF-60CB-48E3-AA77-BE5432708896}
	EndGlobalSection
	GlobalSection(ExtensibilityGlobals) = postSolution
		SolutionGuid = {55B182AD-5DCA-49E9-859B-2666DB00CC07}
	EndGlobalSection
EndGlobal
