
Microsoft Visual Studio Solution File, Format Version 12.00
# Visual Studio 14
VisualStudioVersion = 14.0.25420.1
MinimumVisualStudioVersion = 10.0.40219.1
Project("{2150E333-8FDC-42A3-9474-1A3956D46DE8}") = "Solution Items", "Solution Items", "{B1931720-B94A-4F07-8ABC-03F950A3B317}"
	ProjectSection(SolutionItems) = preProject
		Solution Items\Customisations.xlsx = Solution Items\Customisations.xlsx
		Solution Items\JosephMcGregorWorkflowScheduler_1_1_0_0.zip = Solution Items\JosephMcGregorWorkflowScheduler_1_1_0_0.zip
		Solution Items\TestComponents_1_1_0_0.zip = Solution Items\TestComponents_1_1_0_0.zip
	EndProjectSection
EndProject
Project("{FAE04EC0-301F-11D3-BF4B-00C04F79EFBC}") = "JosephM.Xrm.WorkflowScheduler", "JosephM.Xrm.WorkflowScheduler\JosephM.Xrm.WorkflowScheduler.csproj", "{C1680534-FA12-4C76-A7A4-4F1843D7DCC2}"
EndProject
Project("{FAE04EC0-301F-11D3-BF4B-00C04F79EFBC}") = "JosephM.Xrm.WorkflowScheduler.Test", "JosephM.Xrm.WorkflowScheduler.Test\JosephM.Xrm.WorkflowScheduler.Test.csproj", "{D2DD2587-B577-487B-BF48-6B364D9958BD}"
EndProject
Project("{FAE04EC0-301F-11D3-BF4B-00C04F79EFBC}") = "JosephM.Xrm.WorkflowScheduler.EncryptXrmConfig", "JosephM.Xrm.WorkflowScheduler.EncryptXrmConfig\JosephM.Xrm.WorkflowScheduler.EncryptXrmConfig.csproj", "{EEED9F66-183F-41EA-A07C-14A17C05811F}"
EndProject
Project("{FAE04EC0-301F-11D3-BF4B-00C04F79EFBC}") = "JosephM.Xrm.WorkflowScheduler.WebResources", "JosephM.Xrm.WorkflowScheduler.WebResources\JosephM.Xrm.WorkflowScheduler.WebResources.csproj", "{FF7409D8-1099-4DBF-BA54-F54D6BFD87C3}"
EndProject
Project("{2150E333-8FDC-42A3-9474-1A3956D46DE8}") = "Read Me", "Read Me", "{E906366B-74E6-494C-B31E-A4B175C9387B}"
	ProjectSection(SolutionItems) = preProject
		Read Me\Configuring Test Script.docx = Read Me\Configuring Test Script.docx
		Read Me\Solution Details.docx = Read Me\Solution Details.docx
	EndProjectSection
EndProject
Project("{2150E333-8FDC-42A3-9474-1A3956D46DE8}") = "SolutionItems", "SolutionItems", "{F4152FBB-1BAF-4E9D-BBB5-DCE08536C8D4}"
	ProjectSection(SolutionItems) = preProject
		SolutionItems\solution.xrmconnection = SolutionItems\solution.xrmconnection
	EndProjectSection
EndProject
Global
	GlobalSection(SolutionConfigurationPlatforms) = preSolution
		Debug|Any CPU = Debug|Any CPU
		Release|Any CPU = Release|Any CPU
	EndGlobalSection
	GlobalSection(ProjectConfigurationPlatforms) = postSolution
		{C1680534-FA12-4C76-A7A4-4F1843D7DCC2}.Debug|Any CPU.ActiveCfg = Debug|Any CPU
		{C1680534-FA12-4C76-A7A4-4F1843D7DCC2}.Debug|Any CPU.Build.0 = Debug|Any CPU
		{C1680534-FA12-4C76-A7A4-4F1843D7DCC2}.Release|Any CPU.ActiveCfg = Release|Any CPU
		{C1680534-FA12-4C76-A7A4-4F1843D7DCC2}.Release|Any CPU.Build.0 = Release|Any CPU
		{D2DD2587-B577-487B-BF48-6B364D9958BD}.Debug|Any CPU.ActiveCfg = Debug|Any CPU
		{D2DD2587-B577-487B-BF48-6B364D9958BD}.Debug|Any CPU.Build.0 = Debug|Any CPU
		{D2DD2587-B577-487B-BF48-6B364D9958BD}.Release|Any CPU.ActiveCfg = Release|Any CPU
		{D2DD2587-B577-487B-BF48-6B364D9958BD}.Release|Any CPU.Build.0 = Release|Any CPU
		{EEED9F66-183F-41EA-A07C-14A17C05811F}.Debug|Any CPU.ActiveCfg = Debug|Any CPU
		{EEED9F66-183F-41EA-A07C-14A17C05811F}.Debug|Any CPU.Build.0 = Debug|Any CPU
		{EEED9F66-183F-41EA-A07C-14A17C05811F}.Release|Any CPU.ActiveCfg = Release|Any CPU
		{EEED9F66-183F-41EA-A07C-14A17C05811F}.Release|Any CPU.Build.0 = Release|Any CPU
		{FF7409D8-1099-4DBF-BA54-F54D6BFD87C3}.Debug|Any CPU.ActiveCfg = Debug|Any CPU
		{FF7409D8-1099-4DBF-BA54-F54D6BFD87C3}.Debug|Any CPU.Build.0 = Debug|Any CPU
		{FF7409D8-1099-4DBF-BA54-F54D6BFD87C3}.Release|Any CPU.ActiveCfg = Release|Any CPU
		{FF7409D8-1099-4DBF-BA54-F54D6BFD87C3}.Release|Any CPU.Build.0 = Release|Any CPU
	EndGlobalSection
	GlobalSection(SolutionProperties) = preSolution
		HideSolutionNode = FALSE
	EndGlobalSection
EndGlobal
